{
    "_readme": [
        "This file locks the dependencies of your project to a known state",
        "Read more about it at https://getcomposer.org/doc/01-basic-usage.md#composer-lock-the-lock-file",
        "This file is @generated automatically"
    ],
    "hash": "8c3d17f8d293985a374407bf1882ceaf",
    "content-hash": "32bd008bc23ef71d31fe8ce2b0e58eba",
    "packages": [
        {
            "name": "oktopost/objection",
            "version": "1.0.2",
            "source": {
                "type": "git",
                "url": "https://github.com/Oktopost/Objection.git",
                "reference": "ffb3bbfc21cc1f34adef03729e0a283e3786a663"
            },
            "dist": {
                "type": "zip",
                "url": "https://api.github.com/repos/Oktopost/Objection/zipball/ffb3bbfc21cc1f34adef03729e0a283e3786a663",
                "reference": "ffb3bbfc21cc1f34adef03729e0a283e3786a663",
                "shasum": ""
            },
            "require": {
                "php": ">=5.5-stable"
            },
            "type": "library",
            "autoload": {
                "psr-0": {
                    "Objection": "src"
                }
            },
            "notification-url": "https://packagist.org/downloads/",
            "license": [
                "MIT"
            ],
            "authors": [
                {
                    "name": "Alexey Puchkov",
                    "email": "alexey@oktopost.com",
                    "role": "Developer"
                },
                {
                    "name": "Marina Sherstuk",
                    "email": "marinashers@gmail.com",
                    "role": "Developer"
                }
            ],
            "description": "Objects in PHP",
            "homepage": "https://github.com/Oktopost/Objection",
            "time": "2016-06-06 08:58:54"
        }
    ],
    "packages-dev": [],
    "aliases": [],
    "minimum-stability": "dev",
    "stability-flags": [],
    "prefer-stable": false,
    "prefer-lowest": false,
    "platform": {
        "php": ">=5.5"
    },
    "platform-dev": []
}
