{
    "_readme": [
        "This file locks the dependencies of your project to a known state",
        "Read more about it at https://getcomposer.org/doc/01-basic-usage.md#composer-lock-the-lock-file",
        "This file is @generated automatically"
    ],
    "hash": "d81a0b00a3b11dcbe09c6dca7b591726",
    "content-hash": "10fab5289f1c7f0779ecdc4f5f6a4f7e",
    "packages": [
        {
            "name": "oktopost/objection",
            "version": "1.0.3",
            "source": {
                "type": "git",
                "url": "https://github.com/Oktopost/Objection.git",
                "reference": "fb538f435e63cdc02ea8d8a5a9da08cdc1787771"
            },
            "dist": {
                "type": "zip",
                "url": "https://api.github.com/repos/Oktopost/Objection/zipball/fb538f435e63cdc02ea8d8a5a9da08cdc1787771",
                "reference": "fb538f435e63cdc02ea8d8a5a9da08cdc1787771",
                "shasum": ""
            },
            "require": {
                "php": ">=5.5-stable"
            },
            "type": "library",
            "autoload": {
                "psr-0": {
                    "Objection": "src"
                }
            },
            "notification-url": "https://packagist.org/downloads/",
            "license": [
                "MIT"
            ],
            "authors": [
                {
                    "name": "Alexey Puchkov",
                    "email": "alexey@oktopost.com",
                    "role": "Developer"
                },
                {
                    "name": "Marina Sherstuk",
                    "email": "marinashers@gmail.com",
                    "role": "Developer"
                }
            ],
            "description": "Objects in PHP",
            "homepage": "https://github.com/Oktopost/Objection",
            "time": "2016-07-20 06:27:22"
        }
    ],
    "packages-dev": [],
    "aliases": [],
    "minimum-stability": "dev",
    "stability-flags": [],
    "prefer-stable": false,
    "prefer-lowest": false,
    "platform": {
        "php": ">=5.5"
    },
    "platform-dev": []
}
